
Microsoft Visual Studio Solution File, Format Version 12.00
# Visual Studio 2013
VisualStudioVersion = 12.0.40629.0
MinimumVisualStudioVersion = 10.0.40219.1
Project("{FAE04EC0-301F-11D3-BF4B-00C04F79EFBC}") = "WaiterManagement.Manager", "WaiterManagement.Manager\WaiterManagement.Manager.csproj", "{9F91B875-9B46-49C6-91AD-85A658B32A09}"
EndProject
Project("{FAE04EC0-301F-11D3-BF4B-00C04F79EFBC}") = "WaiterManagement.Manager.Tests", "WaiterManagement.Manager.Tests\WaiterManagement.Manager.Tests.csproj", "{E5FE6AEE-376F-4B34-9DC1-01951A0C8D21}"
EndProject
Project("{FAE04EC0-301F-11D3-BF4B-00C04F79EFBC}") = "WaiterManagement.Wpf", "WaiterManagement.Wpf\WaiterManagement.Wpf.csproj", "{BA5A2F7B-DEC1-446C-98F8-4241D8ADE442}"
EndProject
Project("{FAE04EC0-301F-11D3-BF4B-00C04F79EFBC}") = "WaiterManagement.DAL", "WaiterManagement.DAL\WaiterManagement.DAL.csproj", "{DA852793-39CA-496F-AC37-100CC47E1A6F}"
EndProject
Project("{FAE04EC0-301F-11D3-BF4B-00C04F79EFBC}") = "WaiterManagement.BLL", "WaiterManagement.BLL\WaiterManagement.BLL.csproj", "{181D8528-54E3-49D5-B236-3C13E624094F}"
EndProject
Project("{FAE04EC0-301F-11D3-BF4B-00C04F79EFBC}") = "WaiterManagement.DAL.Tests", "WaiterManagement.DAL.Tests\WaiterManagement.DAL.Tests.csproj", "{D33A512C-1FB6-402A-A7BA-F6971184D3A4}"
EndProject
Project("{FAE04EC0-301F-11D3-BF4B-00C04F79EFBC}") = "WaiterManagement.Common", "WaiterManagement.Common\WaiterManagement.Common.csproj", "{D89EFE54-8A2B-4CD1-B260-5D5E92A2DEE0}"
EndProject
Project("{FAE04EC0-301F-11D3-BF4B-00C04F79EFBC}") = "WaiterManagement.BLL.Tests", "WaiterManagement.BLL.Tests\WaiterManagement.BLL.Tests.csproj", "{99A819E7-9676-4E13-AA98-8C696FF50BF5}"
EndProject
Project("{FAE04EC0-301F-11D3-BF4B-00C04F79EFBC}") = "WaiterManagement.Table", "WaiterManagement.Table\WaiterManagement.Table.csproj", "{A776D839-5539-471A-B1C2-32AD97F5EB4D}"
EndProject
Global
	GlobalSection(SolutionConfigurationPlatforms) = preSolution
		Debug|Any CPU = Debug|Any CPU
		Release|Any CPU = Release|Any CPU
	EndGlobalSection
	GlobalSection(ProjectConfigurationPlatforms) = postSolution
		{9F91B875-9B46-49C6-91AD-85A658B32A09}.Debug|Any CPU.ActiveCfg = Debug|Any CPU
		{9F91B875-9B46-49C6-91AD-85A658B32A09}.Debug|Any CPU.Build.0 = Debug|Any CPU
		{9F91B875-9B46-49C6-91AD-85A658B32A09}.Release|Any CPU.ActiveCfg = Release|Any CPU
		{9F91B875-9B46-49C6-91AD-85A658B32A09}.Release|Any CPU.Build.0 = Release|Any CPU
		{E5FE6AEE-376F-4B34-9DC1-01951A0C8D21}.Debug|Any CPU.ActiveCfg = Debug|Any CPU
		{E5FE6AEE-376F-4B34-9DC1-01951A0C8D21}.Debug|Any CPU.Build.0 = Debug|Any CPU
		{E5FE6AEE-376F-4B34-9DC1-01951A0C8D21}.Release|Any CPU.ActiveCfg = Release|Any CPU
		{E5FE6AEE-376F-4B34-9DC1-01951A0C8D21}.Release|Any CPU.Build.0 = Release|Any CPU
		{BA5A2F7B-DEC1-446C-98F8-4241D8ADE442}.Debug|Any CPU.ActiveCfg = Debug|Any CPU
		{BA5A2F7B-DEC1-446C-98F8-4241D8ADE442}.Debug|Any CPU.Build.0 = Debug|Any CPU
		{BA5A2F7B-DEC1-446C-98F8-4241D8ADE442}.Release|Any CPU.ActiveCfg = Release|Any CPU
		{BA5A2F7B-DEC1-446C-98F8-4241D8ADE442}.Release|Any CPU.Build.0 = Release|Any CPU
		{DA852793-39CA-496F-AC37-100CC47E1A6F}.Debug|Any CPU.ActiveCfg = Debug|Any CPU
		{DA852793-39CA-496F-AC37-100CC47E1A6F}.Debug|Any CPU.Build.0 = Debug|Any CPU
		{DA852793-39CA-496F-AC37-100CC47E1A6F}.Release|Any CPU.ActiveCfg = Release|Any CPU
		{DA852793-39CA-496F-AC37-100CC47E1A6F}.Release|Any CPU.Build.0 = Release|Any CPU
		{181D8528-54E3-49D5-B236-3C13E624094F}.Debug|Any CPU.ActiveCfg = Debug|Any CPU
		{181D8528-54E3-49D5-B236-3C13E624094F}.Debug|Any CPU.Build.0 = Debug|Any CPU
		{181D8528-54E3-49D5-B236-3C13E624094F}.Release|Any CPU.ActiveCfg = Release|Any CPU
		{181D8528-54E3-49D5-B236-3C13E624094F}.Release|Any CPU.Build.0 = Release|Any CPU
		{D33A512C-1FB6-402A-A7BA-F6971184D3A4}.Debug|Any CPU.ActiveCfg = Debug|Any CPU
		{D33A512C-1FB6-402A-A7BA-F6971184D3A4}.Debug|Any CPU.Build.0 = Debug|Any CPU
		{D33A512C-1FB6-402A-A7BA-F6971184D3A4}.Release|Any CPU.ActiveCfg = Release|Any CPU
		{D33A512C-1FB6-402A-A7BA-F6971184D3A4}.Release|Any CPU.Build.0 = Release|Any CPU
		{D89EFE54-8A2B-4CD1-B260-5D5E92A2DEE0}.Debug|Any CPU.ActiveCfg = Debug|Any CPU
		{D89EFE54-8A2B-4CD1-B260-5D5E92A2DEE0}.Debug|Any CPU.Build.0 = Debug|Any CPU
		{D89EFE54-8A2B-4CD1-B260-5D5E92A2DEE0}.Release|Any CPU.ActiveCfg = Release|Any CPU
		{D89EFE54-8A2B-4CD1-B260-5D5E92A2DEE0}.Release|Any CPU.Build.0 = Release|Any CPU
		{99A819E7-9676-4E13-AA98-8C696FF50BF5}.Debug|Any CPU.ActiveCfg = Debug|Any CPU
		{99A819E7-9676-4E13-AA98-8C696FF50BF5}.Debug|Any CPU.Build.0 = Debug|Any CPU
		{99A819E7-9676-4E13-AA98-8C696FF50BF5}.Release|Any CPU.ActiveCfg = Release|Any CPU
		{99A819E7-9676-4E13-AA98-8C696FF50BF5}.Release|Any CPU.Build.0 = Release|Any CPU
		{A776D839-5539-471A-B1C2-32AD97F5EB4D}.Debug|Any CPU.ActiveCfg = Debug|Any CPU
		{A776D839-5539-471A-B1C2-32AD97F5EB4D}.Debug|Any CPU.Build.0 = Debug|Any CPU
		{A776D839-5539-471A-B1C2-32AD97F5EB4D}.Release|Any CPU.ActiveCfg = Release|Any CPU
		{A776D839-5539-471A-B1C2-32AD97F5EB4D}.Release|Any CPU.Build.0 = Release|Any CPU
	EndGlobalSection
	GlobalSection(SolutionProperties) = preSolution
		HideSolutionNode = FALSE
	EndGlobalSection
EndGlobal
